{
  "name": "13th-Session-Front",
  "lockfileVersion": 3,
  "requires": true,
  "packages": {
    "": {
      "dependencies": {
        "zustand": "^5.0.4"
      }
    },
    "node_modules/zustand": {
      "version": "5.0.4",
      "resolved": "https://registry.npmjs.org/zustand/-/zustand-5.0.4.tgz",
      "integrity": "sha512-39VFTN5InDtMd28ZhjLyuTnlytDr9HfwO512Ai4I8ZABCoyAj4F1+sr7sD1jP/+p7k77Iko0Pb5NhgBFDCX0kQ==",
      "license": "MIT",
      "engines": {
        "node": ">=12.20.0"
      },
      "peerDependencies": {
        "@types/react": ">=18.0.0",
        "immer": ">=9.0.6",
        "react": ">=18.0.0",
        "use-sync-external-store": ">=1.2.0"
      },
      "peerDependenciesMeta": {
        "@types/react": {
          "optional": true
        },
        "immer": {
          "optional": true
        },
        "react": {
          "optional": true
        },
        "use-sync-external-store": {
          "optional": true
        }
      }
    }
  }
}
